
Microsoft Visual Studio Solution File, Format Version 12.00
# Visual Studio Version 17
VisualStudioVersion = 17.5.33414.496
MinimumVisualStudioVersion = 10.0.40219.1
Project("{9A19103F-16F7-4668-BE54-9A1E7A4F7556}") = "UPNP Client", "UPNP Client\UPNP Client.csproj", "{7FC7A2B1-6E2E-4091-AF55-5186E734A51C}"
EndProject
Global
	GlobalSection(SolutionConfigurationPlatforms) = preSolution
		Debug|Any CPU = Debug|Any CPU
		Release|Any CPU = Release|Any CPU
	EndGlobalSection
	GlobalSection(ProjectConfigurationPlatforms) = postSolution
		{7FC7A2B1-6E2E-4091-AF55-5186E734A51C}.Debug|Any CPU.ActiveCfg = Debug|Any CPU
		{7FC7A2B1-6E2E-4091-AF55-5186E734A51C}.Debug|Any CPU.Build.0 = Debug|Any CPU
		{7FC7A2B1-6E2E-4091-AF55-5186E734A51C}.Release|Any CPU.ActiveCfg = Release|Any CPU
		{7FC7A2B1-6E2E-4091-AF55-5186E734A51C}.Release|Any CPU.Build.0 = Release|Any CPU
	EndGlobalSection
	GlobalSection(SolutionProperties) = preSolution
		HideSolutionNode = FALSE
	EndGlobalSection
	GlobalSection(ExtensibilityGlobals) = postSolution
		SolutionGuid = {D82E27FA-FDF7-46EC-9864-D7C6E743A498}
	EndGlobalSection
EndGlobal
